
Microsoft Visual Studio Solution File, Format Version 12.00
# Visual Studio Version 17
VisualStudioVersion = 17.6.33815.320
MinimumVisualStudioVersion = 10.0.40219.1
Project("{FAE04EC0-301F-11D3-BF4B-00C04F79EFBC}") = "st10203070_PROG6221_POE", "st10203070_PROG6221_POE\st10203070_PROG6221_POE.csproj", "{E50CA9E9-82FC-4E1C-9001-E75CE6AA08B1}"
EndProject
Global
	GlobalSection(SolutionConfigurationPlatforms) = preSolution
		Debug|Any CPU = Debug|Any CPU
		Release|Any CPU = Release|Any CPU
	EndGlobalSection
	GlobalSection(ProjectConfigurationPlatforms) = postSolution
		{E50CA9E9-82FC-4E1C-9001-E75CE6AA08B1}.Debug|Any CPU.ActiveCfg = Debug|Any CPU
		{E50CA9E9-82FC-4E1C-9001-E75CE6AA08B1}.Debug|Any CPU.Build.0 = Debug|Any CPU
		{E50CA9E9-82FC-4E1C-9001-E75CE6AA08B1}.Release|Any CPU.ActiveCfg = Release|Any CPU
		{E50CA9E9-82FC-4E1C-9001-E75CE6AA08B1}.Release|Any CPU.Build.0 = Release|Any CPU
	EndGlobalSection
	GlobalSection(SolutionProperties) = preSolution
		HideSolutionNode = FALSE
	EndGlobalSection
	GlobalSection(ExtensibilityGlobals) = postSolution
		SolutionGuid = {0E98BE67-2DD8-419C-BA10-2A206C7E3864}
	EndGlobalSection
EndGlobal
